
Microsoft Visual Studio Solution File, Format Version 12.00
# Visual Studio Version 17
VisualStudioVersion = 17.7.34024.191
MinimumVisualStudioVersion = 10.0.40219.1
Project("{2150E333-8FDC-42A3-9474-1A3956D46DE8}") = "src", "src", "{56D6AF10-AC6A-4ED5-8A8A-3C4115303B3F}"
EndProject
Project("{2150E333-8FDC-42A3-9474-1A3956D46DE8}") = "Presentation", "Presentation", "{4B1CED32-8968-4583-9034-073D2C8B64CE}"
EndProject
Project("{9A19103F-16F7-4668-BE54-9A1E7A4F7556}") = "WebApi", "src\Presentation\WebApi\WebApi.csproj", "{A67DDC75-21FF-45BE-A313-69F878CC7146}"
EndProject
Project("{2150E333-8FDC-42A3-9474-1A3956D46DE8}") = "Core", "Core", "{50D48C30-49BE-4A4B-B00A-3AEB945882CD}"
EndProject
Project("{9A19103F-16F7-4668-BE54-9A1E7A4F7556}") = "Domain", "src\Core\Domain\Domain.csproj", "{C364B0A0-F6C4-44C7-891B-28DB3A6E8E86}"
EndProject
Project("{2150E333-8FDC-42A3-9474-1A3956D46DE8}") = "Application", "Application", "{753EEF0D-F156-4483-80ED-B2061E58AD19}"
EndProject
Project("{9A19103F-16F7-4668-BE54-9A1E7A4F7556}") = "Application", "src\Application\Application\Application.csproj", "{8FAEFA79-439C-4103-8B9D-72CD8A4C7471}"
EndProject
Project("{2150E333-8FDC-42A3-9474-1A3956D46DE8}") = "Infrastructure", "Infrastructure", "{E94053CB-4D0A-45E4-A35C-EB79E4CB1DAE}"
EndProject
Project("{9A19103F-16F7-4668-BE54-9A1E7A4F7556}") = "Infrastructure", "src\Infrastructure\Infrastructure\Infrastructure.csproj", "{CA508DE9-759C-40FA-8FAE-A49213889936}"
EndProject
Project("{9A19103F-16F7-4668-BE54-9A1E7A4F7556}") = "Persistence", "src\Infrastructure\Persistence\Persistence.csproj", "{BEBC3321-5242-457F-ABCC-FE1581AAE7C4}"
EndProject
Project("{9A19103F-16F7-4668-BE54-9A1E7A4F7556}") = "Core.Persistence", "..\corePackages\Core.Packages\src\Persistence\Core.Persistence\Core.Persistence.csproj", "{A2EC8D0F-318E-4E97-9974-106639B1BCAD}"
EndProject
Project("{9A19103F-16F7-4668-BE54-9A1E7A4F7556}") = "Core.Domain", "..\corePackages\Core.Packages\src\Core\Core.Domain\Core.Domain.csproj", "{1868100E-8469-4C30-AF42-DD1A12C03F0F}"
EndProject
Project("{9A19103F-16F7-4668-BE54-9A1E7A4F7556}") = "Core.Application", "..\corePackages\Core.Packages\src\Application\Core.Application\Core.Application.csproj", "{07787483-8FE9-4E3A-8BA9-B540CCFF6623}"
EndProject
Global
	GlobalSection(SolutionConfigurationPlatforms) = preSolution
		Debug|Any CPU = Debug|Any CPU
		Release|Any CPU = Release|Any CPU
	EndGlobalSection
	GlobalSection(ProjectConfigurationPlatforms) = postSolution
		{A67DDC75-21FF-45BE-A313-69F878CC7146}.Debug|Any CPU.ActiveCfg = Debug|Any CPU
		{A67DDC75-21FF-45BE-A313-69F878CC7146}.Debug|Any CPU.Build.0 = Debug|Any CPU
		{A67DDC75-21FF-45BE-A313-69F878CC7146}.Release|Any CPU.ActiveCfg = Release|Any CPU
		{A67DDC75-21FF-45BE-A313-69F878CC7146}.Release|Any CPU.Build.0 = Release|Any CPU
		{C364B0A0-F6C4-44C7-891B-28DB3A6E8E86}.Debug|Any CPU.ActiveCfg = Debug|Any CPU
		{C364B0A0-F6C4-44C7-891B-28DB3A6E8E86}.Debug|Any CPU.Build.0 = Debug|Any CPU
		{C364B0A0-F6C4-44C7-891B-28DB3A6E8E86}.Release|Any CPU.ActiveCfg = Release|Any CPU
		{C364B0A0-F6C4-44C7-891B-28DB3A6E8E86}.Release|Any CPU.Build.0 = Release|Any CPU
		{8FAEFA79-439C-4103-8B9D-72CD8A4C7471}.Debug|Any CPU.ActiveCfg = Debug|Any CPU
		{8FAEFA79-439C-4103-8B9D-72CD8A4C7471}.Debug|Any CPU.Build.0 = Debug|Any CPU
		{8FAEFA79-439C-4103-8B9D-72CD8A4C7471}.Release|Any CPU.ActiveCfg = Release|Any CPU
		{8FAEFA79-439C-4103-8B9D-72CD8A4C7471}.Release|Any CPU.Build.0 = Release|Any CPU
		{CA508DE9-759C-40FA-8FAE-A49213889936}.Debug|Any CPU.ActiveCfg = Debug|Any CPU
		{CA508DE9-759C-40FA-8FAE-A49213889936}.Debug|Any CPU.Build.0 = Debug|Any CPU
		{CA508DE9-759C-40FA-8FAE-A49213889936}.Release|Any CPU.ActiveCfg = Release|Any CPU
		{CA508DE9-759C-40FA-8FAE-A49213889936}.Release|Any CPU.Build.0 = Release|Any CPU
		{BEBC3321-5242-457F-ABCC-FE1581AAE7C4}.Debug|Any CPU.ActiveCfg = Debug|Any CPU
		{BEBC3321-5242-457F-ABCC-FE1581AAE7C4}.Debug|Any CPU.Build.0 = Debug|Any CPU
		{BEBC3321-5242-457F-ABCC-FE1581AAE7C4}.Release|Any CPU.ActiveCfg = Release|Any CPU
		{BEBC3321-5242-457F-ABCC-FE1581AAE7C4}.Release|Any CPU.Build.0 = Release|Any CPU
		{A2EC8D0F-318E-4E97-9974-106639B1BCAD}.Debug|Any CPU.ActiveCfg = Debug|Any CPU
		{A2EC8D0F-318E-4E97-9974-106639B1BCAD}.Debug|Any CPU.Build.0 = Debug|Any CPU
		{A2EC8D0F-318E-4E97-9974-106639B1BCAD}.Release|Any CPU.ActiveCfg = Release|Any CPU
		{A2EC8D0F-318E-4E97-9974-106639B1BCAD}.Release|Any CPU.Build.0 = Release|Any CPU
		{1868100E-8469-4C30-AF42-DD1A12C03F0F}.Debug|Any CPU.ActiveCfg = Debug|Any CPU
		{1868100E-8469-4C30-AF42-DD1A12C03F0F}.Debug|Any CPU.Build.0 = Debug|Any CPU
		{1868100E-8469-4C30-AF42-DD1A12C03F0F}.Release|Any CPU.ActiveCfg = Release|Any CPU
		{1868100E-8469-4C30-AF42-DD1A12C03F0F}.Release|Any CPU.Build.0 = Release|Any CPU
		{07787483-8FE9-4E3A-8BA9-B540CCFF6623}.Debug|Any CPU.ActiveCfg = Debug|Any CPU
		{07787483-8FE9-4E3A-8BA9-B540CCFF6623}.Debug|Any CPU.Build.0 = Debug|Any CPU
		{07787483-8FE9-4E3A-8BA9-B540CCFF6623}.Release|Any CPU.ActiveCfg = Release|Any CPU
		{07787483-8FE9-4E3A-8BA9-B540CCFF6623}.Release|Any CPU.Build.0 = Release|Any CPU
	EndGlobalSection
	GlobalSection(SolutionProperties) = preSolution
		HideSolutionNode = FALSE
	EndGlobalSection
	GlobalSection(NestedProjects) = preSolution
		{4B1CED32-8968-4583-9034-073D2C8B64CE} = {56D6AF10-AC6A-4ED5-8A8A-3C4115303B3F}
		{A67DDC75-21FF-45BE-A313-69F878CC7146} = {4B1CED32-8968-4583-9034-073D2C8B64CE}
		{50D48C30-49BE-4A4B-B00A-3AEB945882CD} = {56D6AF10-AC6A-4ED5-8A8A-3C4115303B3F}
		{C364B0A0-F6C4-44C7-891B-28DB3A6E8E86} = {50D48C30-49BE-4A4B-B00A-3AEB945882CD}
		{753EEF0D-F156-4483-80ED-B2061E58AD19} = {56D6AF10-AC6A-4ED5-8A8A-3C4115303B3F}
		{8FAEFA79-439C-4103-8B9D-72CD8A4C7471} = {753EEF0D-F156-4483-80ED-B2061E58AD19}
		{E94053CB-4D0A-45E4-A35C-EB79E4CB1DAE} = {56D6AF10-AC6A-4ED5-8A8A-3C4115303B3F}
		{CA508DE9-759C-40FA-8FAE-A49213889936} = {E94053CB-4D0A-45E4-A35C-EB79E4CB1DAE}
		{BEBC3321-5242-457F-ABCC-FE1581AAE7C4} = {E94053CB-4D0A-45E4-A35C-EB79E4CB1DAE}
	EndGlobalSection
	GlobalSection(ExtensibilityGlobals) = postSolution
		SolutionGuid = {868FAC28-5D33-4C6B-93C0-68D87B9675D7}
	EndGlobalSection
EndGlobal
